{
  "requires": true,
  "lockfileVersion": 1,
  "dependencies": {
    "aline.css": {
      "version": "1.0.5",
      "resolved": "https://registry.npmjs.org/aline.css/-/aline.css-1.0.5.tgz",
      "integrity": "sha1-+WOXIn70vZ22Q9RE1gypOApYw6Q="
    },
    "font-awesome": {
      "version": "4.7.0",
      "resolved": "https://registry.npmjs.org/font-awesome/-/font-awesome-4.7.0.tgz",
      "integrity": "sha1-j6jPBBGhoxr9B7BtKQK7n8gVoTM="
    },
    "jquery": {
      "version": "3.3.1",
      "resolved": "https://registry.npmjs.org/jquery/-/jquery-3.3.1.tgz",
      "integrity": "sha1-lYzinoHJeQ8xvneS311NlfxX+8o="
    },
    "lightgallery": {
      "version": "1.6.8",
      "resolved": "https://registry.npmjs.org/lightgallery/-/lightgallery-1.6.8.tgz",
      "integrity": "sha1-G3+Q47TS1jKUp1254Bf6lCwiDbc=",
      "requires": {
        "jquery": "3.3.1"
      }
    },
    "magnific-popup": {
      "version": "1.1.0",
      "resolved": "https://registry.npmjs.org/magnific-popup/-/magnific-popup-1.1.0.tgz",
      "integrity": "sha1-PnNixb0Y9nhf6Z5Z0BPiCvM9MEk="
    },
    "owl.carousel": {
      "version": "2.3.3",
      "resolved": "https://registry.npmjs.org/owl.carousel/-/owl.carousel-2.3.3.tgz",
      "integrity": "sha512-bNIaLcLvpp6jLEp34PzB4VdFjvDGoIs+E5/d+yzDWSFpkPoUEcvAzqBkpsxpcwEcRIKbNvFO9RVdJzKSoiSdAg==",
      "requires": {
        "jquery": "3.3.1"
      }
    }
  }
}
